{
  "name": "three-demo",
  "version": "0.0.0",
  "lockfileVersion": 2,
  "requires": true,
  "packages": {
    "": {
      "name": "three-demo",
      "version": "0.0.0",
      "dependencies": {
        "@loaders.gl/core": "^3.3.3",
        "@loaders.gl/gltf": "^3.3.3",
        "three": "0.151.3"
      },
      "devDependencies": {
        "vite": "4.3.1"
      }
    },
    "node_modules/@babel/runtime": {
      "version": "7.21.5",
      "resolved": "https://registry.npmjs.org/@babel/runtime/-/runtime-7.21.5.tgz",
      "integrity": "sha512-8jI69toZqqcsnqGGqwGS4Qb1VwLOEp4hz+CXPywcvjs60u3B4Pom/U/7rm4W8tMOYEB+E9wgD0mW1l3r8qlI9Q==",
      "dependencies": {
        "regenerator-runtime": "^0.13.11"
      },
      "engines": {
        "node": ">=6.9.0"
      }
    },
    "node_modules/@esbuild/android-arm": {
      "version": "0.17.17",
      "resolved": "https://registry.npmjs.org/@esbuild/android-arm/-/android-arm-0.17.17.tgz",
      "integrity": "sha512-E6VAZwN7diCa3labs0GYvhEPL2M94WLF8A+czO8hfjREXxba8Ng7nM5VxV+9ihNXIY1iQO1XxUU4P7hbqbICxg==",
      "cpu": [
        "arm"
      ],
      "dev": true,
      "optional": true,
      "os": [
        "android"
      ],
      "engines": {
        "node": ">=12"
      }
    },
    "node_modules/@esbuild/android-arm64": {
      "version": "0.17.17",
      "resolved": "https://registry.npmjs.org/@esbuild/android-arm64/-/android-arm64-0.17.17.tgz",
      "integrity": "sha512-jaJ5IlmaDLFPNttv0ofcwy/cfeY4bh/n705Tgh+eLObbGtQBK3EPAu+CzL95JVE4nFAliyrnEu0d32Q5foavqg==",
      "cpu": [
        "arm64"
      ],
      "dev": true,
      "optional": true,
      "os": [
        "android"
      ],
      "engines": {
        "node": ">=12"
      }
    },
    "node_modules/@esbuild/android-x64": {
      "version": "0.17.17",
      "resolved": "https://registry.npmjs.org/@esbuild/android-x64/-/android-x64-0.17.17.tgz",
      "integrity": "sha512-446zpfJ3nioMC7ASvJB1pszHVskkw4u/9Eu8s5yvvsSDTzYh4p4ZIRj0DznSl3FBF0Z/mZfrKXTtt0QCoFmoHA==",
      "cpu": [
        "x64"
      ],
      "dev": true,
      "optional": true,
      "os": [
        "android"
      ],
      "engines": {
        "node": ">=12"
      }
    },
    "node_modules/@esbuild/darwin-arm64": {
      "version": "0.17.17",
      "resolved": "https://registry.npmjs.org/@esbuild/darwin-arm64/-/darwin-arm64-0.17.17.tgz",
      "integrity": "sha512-m/gwyiBwH3jqfUabtq3GH31otL/0sE0l34XKpSIqR7NjQ/XHQ3lpmQHLHbG8AHTGCw8Ao059GvV08MS0bhFIJQ==",
      "cpu": [
        "arm64"
      ],
      "dev": true,
      "optional": true,
      "os": [
        "darwin"
      ],
      "engines": {
        "node": ">=12"
      }
    },
    "node_modules/@esbuild/darwin-x64": {
      "version": "0.17.17",
      "resolved": "https://registry.npmjs.org/@esbuild/darwin-x64/-/darwin-x64-0.17.17.tgz",
      "integrity": "sha512-4utIrsX9IykrqYaXR8ob9Ha2hAY2qLc6ohJ8c0CN1DR8yWeMrTgYFjgdeQ9LIoTOfLetXjuCu5TRPHT9yKYJVg==",
      "cpu": [
        "x64"
      ],
      "dev": true,
      "optional": true,
      "os": [
        "darwin"
      ],
      "engines": {
        "node": ">=12"
      }
    },
    "node_modules/@esbuild/freebsd-arm64": {
      "version": "0.17.17",
      "resolved": "https://registry.npmjs.org/@esbuild/freebsd-arm64/-/freebsd-arm64-0.17.17.tgz",
      "integrity": "sha512-4PxjQII/9ppOrpEwzQ1b0pXCsFLqy77i0GaHodrmzH9zq2/NEhHMAMJkJ635Ns4fyJPFOlHMz4AsklIyRqFZWA==",
      "cpu": [
        "arm64"
      ],
      "dev": true,
      "optional": true,
      "os": [
        "freebsd"
      ],
      "engines": {
        "node": ">=12"
      }
    },
    "node_modules/@esbuild/freebsd-x64": {
      "version": "0.17.17",
      "resolved": "https://registry.npmjs.org/@esbuild/freebsd-x64/-/freebsd-x64-0.17.17.tgz",
      "integrity": "sha512-lQRS+4sW5S3P1sv0z2Ym807qMDfkmdhUYX30GRBURtLTrJOPDpoU0kI6pVz1hz3U0+YQ0tXGS9YWveQjUewAJw==",
      "cpu": [
        "x64"
      ],
      "dev": true,
      "optional": true,
      "os": [
        "freebsd"
      ],
      "engines": {
        "node": ">=12"
      }
    },
    "node_modules/@esbuild/linux-arm": {
      "version": "0.17.17",
      "resolved": "https://registry.npmjs.org/@esbuild/linux-arm/-/linux-arm-0.17.17.tgz",
      "integrity": "sha512-biDs7bjGdOdcmIk6xU426VgdRUpGg39Yz6sT9Xp23aq+IEHDb/u5cbmu/pAANpDB4rZpY/2USPhCA+w9t3roQg==",
      "cpu": [
        "arm"
      ],
      "dev": true,
      "optional": true,
      "os": [
        "linux"
      ],
      "engines": {
        "node": ">=12"
      }
    },
    "node_modules/@esbuild/linux-arm64": {
      "version": "0.17.17",
      "resolved": "https://registry.npmjs.org/@esbuild/linux-arm64/-/linux-arm64-0.17.17.tgz",
      "integrity": "sha512-2+pwLx0whKY1/Vqt8lyzStyda1v0qjJ5INWIe+d8+1onqQxHLLi3yr5bAa4gvbzhZqBztifYEu8hh1La5+7sUw==",
      "cpu": [
        "arm64"
      ],
      "dev": true,
      "optional": true,
      "os": [
        "linux"
      ],
      "engines": {
        "node": ">=12"
      }
    },
    "node_modules/@esbuild/linux-ia32": {
      "version": "0.17.17",
      "resolved": "https://registry.npmjs.org/@esbuild/linux-ia32/-/linux-ia32-0.17.17.tgz",
      "integrity": "sha512-IBTTv8X60dYo6P2t23sSUYym8fGfMAiuv7PzJ+0LcdAndZRzvke+wTVxJeCq4WgjppkOpndL04gMZIFvwoU34Q==",
      "cpu": [
        "ia32"
      ],
      "dev": true,
      "optional": true,
      "os": [
        "linux"
      ],
      "engines": {
        "node": ">=12"
      }
    },
    "node_modules/@esbuild/linux-loong64": {
      "version": "0.17.17",
      "resolved": "https://registry.npmjs.org/@esbuild/linux-loong64/-/linux-loong64-0.17.17.tgz",
      "integrity": "sha512-WVMBtcDpATjaGfWfp6u9dANIqmU9r37SY8wgAivuKmgKHE+bWSuv0qXEFt/p3qXQYxJIGXQQv6hHcm7iWhWjiw==",
      "cpu": [
        "loong64"
      ],
      "dev": true,
      "optional": true,
      "os": [
        "linux"
      ],
      "engines": {
        "node": ">=12"
      }
    },
    "node_modules/@esbuild/linux-mips64el": {
      "version": "0.17.17",
      "resolved": "https://registry.npmjs.org/@esbuild/linux-mips64el/-/linux-mips64el-0.17.17.tgz",
      "integrity": "sha512-2kYCGh8589ZYnY031FgMLy0kmE4VoGdvfJkxLdxP4HJvWNXpyLhjOvxVsYjYZ6awqY4bgLR9tpdYyStgZZhi2A==",
      "cpu": [
        "mips64el"
      ],
      "dev": true,
      "optional": true,
      "os": [
        "linux"
      ],
      "engines": {
        "node": ">=12"
      }
    },
    "node_modules/@esbuild/linux-ppc64": {
      "version": "0.17.17",
      "resolved": "https://registry.npmjs.org/@esbuild/linux-ppc64/-/linux-ppc64-0.17.17.tgz",
      "integrity": "sha512-KIdG5jdAEeAKogfyMTcszRxy3OPbZhq0PPsW4iKKcdlbk3YE4miKznxV2YOSmiK/hfOZ+lqHri3v8eecT2ATwQ==",
      "cpu": [
        "ppc64"
      ],
      "dev": true,
      "optional": true,
      "os": [
        "linux"
      ],
      "engines": {
        "node": ">=12"
      }
    },
    "node_modules/@esbuild/linux-riscv64": {
      "version": "0.17.17",
      "resolved": "https://registry.npmjs.org/@esbuild/linux-riscv64/-/linux-riscv64-0.17.17.tgz",
      "integrity": "sha512-Cj6uWLBR5LWhcD/2Lkfg2NrkVsNb2sFM5aVEfumKB2vYetkA/9Uyc1jVoxLZ0a38sUhFk4JOVKH0aVdPbjZQeA==",
      "cpu": [
        "riscv64"
      ],
      "dev": true,
      "optional": true,
      "os": [
        "linux"
      ],
      "engines": {
        "node": ">=12"
      }
    },
    "node_modules/@esbuild/linux-s390x": {
      "version": "0.17.17",
      "resolved": "https://registry.npmjs.org/@esbuild/linux-s390x/-/linux-s390x-0.17.17.tgz",
      "integrity": "sha512-lK+SffWIr0XsFf7E0srBjhpkdFVJf3HEgXCwzkm69kNbRar8MhezFpkIwpk0qo2IOQL4JE4mJPJI8AbRPLbuOQ==",
      "cpu": [
        "s390x"
      ],
      "dev": true,
      "optional": true,
      "os": [
        "linux"
      ],
      "engines": {
        "node": ">=12"
      }
    },
    "node_modules/@esbuild/linux-x64": {
      "version": "0.17.17",
      "resolved": "https://registry.npmjs.org/@esbuild/linux-x64/-/linux-x64-0.17.17.tgz",
      "integrity": "sha512-XcSGTQcWFQS2jx3lZtQi7cQmDYLrpLRyz1Ns1DzZCtn898cWfm5Icx/DEWNcTU+T+tyPV89RQtDnI7qL2PObPg==",
      "cpu": [
        "x64"
      ],
      "dev": true,
      "optional": true,
      "os": [
        "linux"
      ],
      "engines": {
        "node": ">=12"
      }
    },
    "node_modules/@esbuild/netbsd-x64": {
      "version": "0.17.17",
      "resolved": "https://registry.npmjs.org/@esbuild/netbsd-x64/-/netbsd-x64-0.17.17.tgz",
      "integrity": "sha512-RNLCDmLP5kCWAJR+ItLM3cHxzXRTe4N00TQyQiimq+lyqVqZWGPAvcyfUBM0isE79eEZhIuGN09rAz8EL5KdLA==",
      "cpu": [
        "x64"
      ],
      "dev": true,
      "optional": true,
      "os": [
        "netbsd"
      ],
      "engines": {
        "node": ">=12"
      }
    },
    "node_modules/@esbuild/openbsd-x64": {
      "version": "0.17.17",
      "resolved": "https://registry.npmjs.org/@esbuild/openbsd-x64/-/openbsd-x64-0.17.17.tgz",
      "integrity": "sha512-PAXswI5+cQq3Pann7FNdcpSUrhrql3wKjj3gVkmuz6OHhqqYxKvi6GgRBoaHjaG22HV/ZZEgF9TlS+9ftHVigA==",
      "cpu": [
        "x64"
      ],
      "dev": true,
      "optional": true,
      "os": [
        "openbsd"
      ],
      "engines": {
        "node": ">=12"
      }
    },
    "node_modules/@esbuild/sunos-x64": {
      "version": "0.17.17",
      "resolved": "https://registry.npmjs.org/@esbuild/sunos-x64/-/sunos-x64-0.17.17.tgz",
      "integrity": "sha512-V63egsWKnx/4V0FMYkr9NXWrKTB5qFftKGKuZKFIrAkO/7EWLFnbBZNM1CvJ6Sis+XBdPws2YQSHF1Gqf1oj/Q==",
      "cpu": [
        "x64"
      ],
      "dev": true,
      "optional": true,
      "os": [
        "sunos"
      ],
      "engines": {
        "node": ">=12"
      }
    },
    "node_modules/@esbuild/win32-arm64": {
      "version": "0.17.17",
      "resolved": "https://registry.npmjs.org/@esbuild/win32-arm64/-/win32-arm64-0.17.17.tgz",
      "integrity": "sha512-YtUXLdVnd6YBSYlZODjWzH+KzbaubV0YVd6UxSfoFfa5PtNJNaW+1i+Hcmjpg2nEe0YXUCNF5bkKy1NnBv1y7Q==",
      "cpu": [
        "arm64"
      ],
      "dev": true,
      "optional": true,
      "os": [
        "win32"
      ],
      "engines": {
        "node": ">=12"
      }
    },
    "node_modules/@esbuild/win32-ia32": {
      "version": "0.17.17",
      "resolved": "https://registry.npmjs.org/@esbuild/win32-ia32/-/win32-ia32-0.17.17.tgz",
      "integrity": "sha512-yczSLRbDdReCO74Yfc5tKG0izzm+lPMYyO1fFTcn0QNwnKmc3K+HdxZWLGKg4pZVte7XVgcFku7TIZNbWEJdeQ==",
      "cpu": [
        "ia32"
      ],
      "dev": true,
      "optional": true,
      "os": [
        "win32"
      ],
      "engines": {
        "node": ">=12"
      }
    },
    "node_modules/@esbuild/win32-x64": {
      "version": "0.17.17",
      "resolved": "https://registry.npmjs.org/@esbuild/win32-x64/-/win32-x64-0.17.17.tgz",
      "integrity": "sha512-FNZw7H3aqhF9OyRQbDDnzUApDXfC1N6fgBhkqEO2jvYCJ+DxMTfZVqg3AX0R1khg1wHTBRD5SdcibSJ+XF6bFg==",
      "cpu": [
        "x64"
      ],
      "dev": true,
      "optional": true,
      "os": [
        "win32"
      ],
      "engines": {
        "node": ">=12"
      }
    },
    "node_modules/@loaders.gl/core": {
      "version": "3.3.3",
      "resolved": "https://registry.npmjs.org/@loaders.gl/core/-/core-3.3.3.tgz",
      "integrity": "sha512-kModKGZ3V1AYue8eQxM9H19PZQt9HxtVJUvAMmOeFiXZmhIiEO8gf5+c7Ph6C/+whPff8cRbMd06P93PJD5PlA==",
      "dependencies": {
        "@babel/runtime": "^7.3.1",
        "@loaders.gl/loader-utils": "3.3.3",
        "@loaders.gl/worker-utils": "3.3.3",
        "@probe.gl/log": "^3.5.0"
      }
    },
    "node_modules/@loaders.gl/draco": {
      "version": "3.3.3",
      "resolved": "https://registry.npmjs.org/@loaders.gl/draco/-/draco-3.3.3.tgz",
      "integrity": "sha512-26r253By6Q9n2xQWG2Dht+VDCqQGVGetM1lJXa3GLrWxNNz4m7et/q9v8TC270/65BgB7Uz58NlZdpweeeIEqA==",
      "dependencies": {
        "@babel/runtime": "^7.3.1",
        "@loaders.gl/loader-utils": "3.3.3",
        "@loaders.gl/schema": "3.3.3",
        "@loaders.gl/worker-utils": "3.3.3",
        "draco3d": "1.5.5"
      }
    },
    "node_modules/@loaders.gl/gltf": {
      "version": "3.3.3",
      "resolved": "https://registry.npmjs.org/@loaders.gl/gltf/-/gltf-3.3.3.tgz",
      "integrity": "sha512-qE2IqWTGJ+36om90t8GJQneGNfYdi/u7R4twM3IpmOVP5zH5Oh4JpJY4JPy8cGmni77UVVZqahNa/czCOIeXJw==",
      "dependencies": {
        "@loaders.gl/draco": "3.3.3",
        "@loaders.gl/images": "3.3.3",
        "@loaders.gl/loader-utils": "3.3.3",
        "@loaders.gl/textures": "3.3.3",
        "@math.gl/core": "^3.5.1"
      }
    },
    "node_modules/@loaders.gl/images": {
      "version": "3.3.3",
      "resolved": "https://registry.npmjs.org/@loaders.gl/images/-/images-3.3.3.tgz",
      "integrity": "sha512-IFRs3TuqaBI4crY9x3BhD+FbayiwQww7zH4PUs3vpMRQYVf593+wngW1rMbl7zgNnkFbudzxaTr8MW8VaWriCA==",
      "dependencies": {
        "@loaders.gl/loader-utils": "3.3.3"
      }
    },
    "node_modules/@loaders.gl/loader-utils": {
      "version": "3.3.3",
      "resolved": "https://registry.npmjs.org/@loaders.gl/loader-utils/-/loader-utils-3.3.3.tgz",
      "integrity": "sha512-QHwc8dw5kn2KyoEQGqPvmuHRSEo+UeKOgUFwRM7FjNgkFySr+Wc1HMCCPH+VBCvdzGp0aIH+WWQB1Ug2yaQZeg==",
      "dependencies": {
        "@babel/runtime": "^7.3.1",
        "@loaders.gl/worker-utils": "3.3.3",
        "@probe.gl/stats": "^3.5.0"
      }
    },
    "node_modules/@loaders.gl/schema": {
      "version": "3.3.3",
      "resolved": "https://registry.npmjs.org/@loaders.gl/schema/-/schema-3.3.3.tgz",
      "integrity": "sha512-l06pdG9pn2SABUgFm7N1JmfddU7KlBvGaxXlLbPhun+02Z0m2ExASHy0mEU7DVsdbfsbCyYDYqxuvn1O7yHX+A==",
      "dependencies": {
        "@types/geojson": "^7946.0.7"
      }
    },
    "node_modules/@loaders.gl/textures": {
      "version": "3.3.3",
      "resolved": "https://registry.npmjs.org/@loaders.gl/textures/-/textures-3.3.3.tgz",
      "integrity": "sha512-0osXsVIfjjWni/IvNSykZX/x3i0pQLo32/APV7mgP/1B3R6mbZfEl2Y1ESVdlVuqQoGGXWIEYyFnBF8NKPJyuA==",
      "dependencies": {
        "@loaders.gl/images": "3.3.3",
        "@loaders.gl/loader-utils": "3.3.3",
        "@loaders.gl/schema": "3.3.3",
        "@loaders.gl/worker-utils": "3.3.3",
        "ktx-parse": "^0.0.4",
        "texture-compressor": "^1.0.2"
      }
    },
    "node_modules/@loaders.gl/worker-utils": {
      "version": "3.3.3",
      "resolved": "https://registry.npmjs.org/@loaders.gl/worker-utils/-/worker-utils-3.3.3.tgz",
      "integrity": "sha512-mTQqbuAtFCgR2yu//7Rrt9pwhnDh0H2t69vOJ65Eh2YA0q4c58Kqd+260WxoPps3A0aiYNyA2099AHze7fI+Jg==",
      "dependencies": {
        "@babel/runtime": "^7.3.1"
      }
    },
    "node_modules/@math.gl/core": {
      "version": "3.6.3",
      "resolved": "https://registry.npmjs.org/@math.gl/core/-/core-3.6.3.tgz",
      "integrity": "sha512-jBABmDkj5uuuE0dTDmwwss7Cup5ZwQ6Qb7h1pgvtkEutTrhkcv8SuItQNXmF45494yIHeoGue08NlyeY6wxq2A==",
      "dependencies": {
        "@babel/runtime": "^7.12.0",
        "@math.gl/types": "3.6.3",
        "gl-matrix": "^3.4.0"
      }
    },
    "node_modules/@math.gl/types": {
      "version": "3.6.3",
      "resolved": "https://registry.npmjs.org/@math.gl/types/-/types-3.6.3.tgz",
      "integrity": "sha512-3uWLVXHY3jQxsXCr/UCNPSc2BG0hNUljhmOBt9l+lNFDp7zHgm0cK2Tw4kj2XfkJy4TgwZTBGwRDQgWEbLbdTA=="
    },
    "node_modules/@probe.gl/env": {
      "version": "3.6.0",
      "resolved": "https://registry.npmjs.org/@probe.gl/env/-/env-3.6.0.tgz",
      "integrity": "sha512-4tTZYUg/8BICC3Yyb9rOeoKeijKbZHRXBEKObrfPmX4sQmYB15ZOUpoVBhAyJkOYVAM8EkPci6Uw5dLCwx2BEQ==",
      "dependencies": {
        "@babel/runtime": "^7.0.0"
      }
    },
    "node_modules/@probe.gl/log": {
      "version": "3.6.0",
      "resolved": "https://registry.npmjs.org/@probe.gl/log/-/log-3.6.0.tgz",
      "integrity": "sha512-hjpyenpEvOdowgZ1qMeCJxfRD4JkKdlXz0RC14m42Un62NtOT+GpWyKA4LssT0+xyLULCByRAtG2fzZorpIAcA==",
      "dependencies": {
        "@babel/runtime": "^7.0.0",
        "@probe.gl/env": "3.6.0"
      }
    },
    "node_modules/@probe.gl/stats": {
      "version": "3.6.0",
      "resolved": "https://registry.npmjs.org/@probe.gl/stats/-/stats-3.6.0.tgz",
      "integrity": "sha512-JdALQXB44OP4kUBN/UrQgzbJe4qokbVF4Y8lkIA8iVCFnjVowWIgkD/z/0QO65yELT54tTrtepw1jScjKB+rhQ==",
      "dependencies": {
        "@babel/runtime": "^7.0.0"
      }
    },
    "node_modules/@types/geojson": {
      "version": "7946.0.10",
      "resolved": "https://registry.npmjs.org/@types/geojson/-/geojson-7946.0.10.tgz",
      "integrity": "sha512-Nmh0K3iWQJzniTuPRcJn5hxXkfB1T1pgB89SBig5PlJQU5yocazeu4jATJlaA0GYFKWMqDdvYemoSnF2pXgLVA=="
    },
    "node_modules/argparse": {
      "version": "1.0.10",
      "resolved": "https://registry.npmjs.org/argparse/-/argparse-1.0.10.tgz",
      "integrity": "sha512-o5Roy6tNG4SL/FOkCAN6RzjiakZS25RLYFrcMttJqbdd8BWrnA+fGz57iN5Pb06pvBGvl5gQ0B48dJlslXvoTg==",
      "dependencies": {
        "sprintf-js": "~1.0.2"
      }
    },
    "node_modules/draco3d": {
      "version": "1.5.5",
      "resolved": "https://registry.npmjs.org/draco3d/-/draco3d-1.5.5.tgz",
      "integrity": "sha512-JVuNV0EJzD3LBYhGyIXJLeBID/EVtmFO1ZNhAYflTgiMiAJlbhXQmRRda/azjc8MRVMHh0gqGhiqHUo5dIXM8Q=="
    },
    "node_modules/esbuild": {
      "version": "0.17.17",
      "resolved": "https://registry.npmjs.org/esbuild/-/esbuild-0.17.17.tgz",
      "integrity": "sha512-/jUywtAymR8jR4qsa2RujlAF7Krpt5VWi72Q2yuLD4e/hvtNcFQ0I1j8m/bxq238pf3/0KO5yuXNpuLx8BE1KA==",
      "dev": true,
      "hasInstallScript": true,
      "bin": {
        "esbuild": "bin/esbuild"
      },
      "engines": {
        "node": ">=12"
      },
      "optionalDependencies": {
        "@esbuild/android-arm": "0.17.17",
        "@esbuild/android-arm64": "0.17.17",
        "@esbuild/android-x64": "0.17.17",
        "@esbuild/darwin-arm64": "0.17.17",
        "@esbuild/darwin-x64": "0.17.17",
        "@esbuild/freebsd-arm64": "0.17.17",
        "@esbuild/freebsd-x64": "0.17.17",
        "@esbuild/linux-arm": "0.17.17",
        "@esbuild/linux-arm64": "0.17.17",
        "@esbuild/linux-ia32": "0.17.17",
        "@esbuild/linux-loong64": "0.17.17",
        "@esbuild/linux-mips64el": "0.17.17",
        "@esbuild/linux-ppc64": "0.17.17",
        "@esbuild/linux-riscv64": "0.17.17",
        "@esbuild/linux-s390x": "0.17.17",
        "@esbuild/linux-x64": "0.17.17",
        "@esbuild/netbsd-x64": "0.17.17",
        "@esbuild/openbsd-x64": "0.17.17",
        "@esbuild/sunos-x64": "0.17.17",
        "@esbuild/win32-arm64": "0.17.17",
        "@esbuild/win32-ia32": "0.17.17",
        "@esbuild/win32-x64": "0.17.17"
      }
    },
    "node_modules/fsevents": {
      "version": "2.3.2",
      "resolved": "https://registry.npmjs.org/fsevents/-/fsevents-2.3.2.tgz",
      "integrity": "sha512-xiqMQR4xAeHTuB9uWm+fFRcIOgKBMiOBP+eXiyT7jsgVCq1bkVygt00oASowB7EdtpOHaaPgKt812P9ab+DDKA==",
      "dev": true,
      "hasInstallScript": true,
      "optional": true,
      "os": [
        "darwin"
      ],
      "engines": {
        "node": "^8.16.0 || ^10.6.0 || >=11.0.0"
      }
    },
    "node_modules/gl-matrix": {
      "version": "3.4.3",
      "resolved": "https://registry.npmjs.org/gl-matrix/-/gl-matrix-3.4.3.tgz",
      "integrity": "sha512-wcCp8vu8FT22BnvKVPjXa/ICBWRq/zjFfdofZy1WSpQZpphblv12/bOQLBC1rMM7SGOFS9ltVmKOHil5+Ml7gA=="
    },
    "node_modules/image-size": {
      "version": "0.7.5",
      "resolved": "https://registry.npmjs.org/image-size/-/image-size-0.7.5.tgz",
      "integrity": "sha512-Hiyv+mXHfFEP7LzUL/llg9RwFxxY+o9N3JVLIeG5E7iFIFAalxvRU9UZthBdYDEVnzHMgjnKJPPpay5BWf1g9g==",
      "bin": {
        "image-size": "bin/image-size.js"
      },
      "engines": {
        "node": ">=6.9.0"
      }
    },
    "node_modules/ktx-parse": {
      "version": "0.0.4",
      "resolved": "https://registry.npmjs.org/ktx-parse/-/ktx-parse-0.0.4.tgz",
      "integrity": "sha512-LY3nrmfXl+wZZdPxgJ3ZmLvG+wkOZZP3/dr4RbQj1Pk3Qwz44esOOSFFVQJcNWpXAtiNIC66WgXufX/SYgYz6A=="
    },
    "node_modules/nanoid": {
      "version": "3.3.4",
      "resolved": "https://registry.npmjs.org/nanoid/-/nanoid-3.3.4.tgz",
      "integrity": "sha512-MqBkQh/OHTS2egovRtLk45wEyNXwF+cokD+1YPf9u5VfJiRdAiRwB2froX5Co9Rh20xs4siNPm8naNotSD6RBw==",
      "dev": true,
      "bin": {
        "nanoid": "bin/nanoid.cjs"
      },
      "engines": {
        "node": "^10 || ^12 || ^13.7 || ^14 || >=15.0.1"
      }
    },
    "node_modules/picocolors": {
      "version": "1.0.0",
      "resolved": "https://registry.npmjs.org/picocolors/-/picocolors-1.0.0.tgz",
      "integrity": "sha512-1fygroTLlHu66zi26VoTDv8yRgm0Fccecssto+MhsZ0D/DGW2sm8E8AjW7NU5VVTRt5GxbeZ5qBuJr+HyLYkjQ==",
      "dev": true
    },
    "node_modules/postcss": {
      "version": "8.4.21",
      "resolved": "https://registry.npmjs.org/postcss/-/postcss-8.4.21.tgz",
      "integrity": "sha512-tP7u/Sn/dVxK2NnruI4H9BG+x+Wxz6oeZ1cJ8P6G/PZY0IKk4k/63TDsQf2kQq3+qoJeLm2kIBUNlZe3zgb4Zg==",
      "dev": true,
      "funding": [
        {
          "type": "opencollective",
          "url": "https://opencollective.com/postcss/"
        },
        {
          "type": "tidelift",
          "url": "https://tidelift.com/funding/github/npm/postcss"
        }
      ],
      "dependencies": {
        "nanoid": "^3.3.4",
        "picocolors": "^1.0.0",
        "source-map-js": "^1.0.2"
      },
      "engines": {
        "node": "^10 || ^12 || >=14"
      }
    },
    "node_modules/regenerator-runtime": {
      "version": "0.13.11",
      "resolved": "https://registry.npmjs.org/regenerator-runtime/-/regenerator-runtime-0.13.11.tgz",
      "integrity": "sha512-kY1AZVr2Ra+t+piVaJ4gxaFaReZVH40AKNo7UCX6W+dEwBo/2oZJzqfuN1qLq1oL45o56cPaTXELwrTh8Fpggg=="
    },
    "node_modules/rollup": {
      "version": "3.20.7",
      "resolved": "https://registry.npmjs.org/rollup/-/rollup-3.20.7.tgz",
      "integrity": "sha512-P7E2zezKSLhWnTz46XxjSmInrbOCiul1yf+kJccMxT56vxjHwCbDfoLbiqFgu+WQoo9ij2PkraYaBstgB2prBA==",
      "dev": true,
      "bin": {
        "rollup": "dist/bin/rollup"
      },
      "engines": {
        "node": ">=14.18.0",
        "npm": ">=8.0.0"
      },
      "optionalDependencies": {
        "fsevents": "~2.3.2"
      }
    },
    "node_modules/source-map-js": {
      "version": "1.0.2",
      "resolved": "https://registry.npmjs.org/source-map-js/-/source-map-js-1.0.2.tgz",
      "integrity": "sha512-R0XvVJ9WusLiqTCEiGCmICCMplcCkIwwR11mOSD9CR5u+IXYdiseeEuXCVAjS54zqwkLcPNnmU4OeJ6tUrWhDw==",
      "dev": true,
      "engines": {
        "node": ">=0.10.0"
      }
    },
    "node_modules/sprintf-js": {
      "version": "1.0.3",
      "resolved": "https://registry.npmjs.org/sprintf-js/-/sprintf-js-1.0.3.tgz",
      "integrity": "sha512-D9cPgkvLlV3t3IzL0D0YLvGA9Ahk4PcvVwUbN0dSGr1aP0Nrt4AEnTUbuGvquEC0mA64Gqt1fzirlRs5ibXx8g=="
    },
    "node_modules/texture-compressor": {
      "version": "1.0.2",
      "resolved": "https://registry.npmjs.org/texture-compressor/-/texture-compressor-1.0.2.tgz",
      "integrity": "sha512-dStVgoaQ11mA5htJ+RzZ51ZxIZqNOgWKAIvtjLrW1AliQQLCmrDqNzQZ8Jh91YealQ95DXt4MEduLzJmbs6lig==",
      "dependencies": {
        "argparse": "^1.0.10",
        "image-size": "^0.7.4"
      },
      "bin": {
        "texture-compressor": "bin/texture-compressor.js"
      }
    },
    "node_modules/three": {
      "version": "0.151.3",
      "resolved": "https://registry.npmjs.org/three/-/three-0.151.3.tgz",
      "integrity": "sha512-+vbuqxFy8kzLeO5MgpBHUvP/EAiecaDwDuOPPDe6SbrZr96kccF0ktLngXc7xA7bzyd3N0t2f6mw3Z9y6JCojQ=="
    },
    "node_modules/vite": {
      "version": "4.3.1",
      "resolved": "https://registry.npmjs.org/vite/-/vite-4.3.1.tgz",
      "integrity": "sha512-EPmfPLAI79Z/RofuMvkIS0Yr091T2ReUoXQqc5ppBX/sjFRhHKiPPF/R46cTdoci/XgeQpB23diiJxq5w30vdg==",
      "dev": true,
      "dependencies": {
        "esbuild": "^0.17.5",
        "postcss": "^8.4.21",
        "rollup": "^3.20.2"
      },
      "bin": {
        "vite": "bin/vite.js"
      },
      "engines": {
        "node": "^14.18.0 || >=16.0.0"
      },
      "optionalDependencies": {
        "fsevents": "~2.3.2"
      },
      "peerDependencies": {
        "@types/node": ">= 14",
        "less": "*",
        "sass": "*",
        "stylus": "*",
        "sugarss": "*",
        "terser": "^5.4.0"
      },
      "peerDependenciesMeta": {
        "@types/node": {
          "optional": true
        },
        "less": {
          "optional": true
        },
        "sass": {
          "optional": true
        },
        "stylus": {
          "optional": true
        },
        "sugarss": {
          "optional": true
        },
        "terser": {
          "optional": true
        }
      }
    }
  },
  "dependencies": {
    "@babel/runtime": {
      "version": "7.21.5",
      "resolved": "https://registry.npmjs.org/@babel/runtime/-/runtime-7.21.5.tgz",
      "integrity": "sha512-8jI69toZqqcsnqGGqwGS4Qb1VwLOEp4hz+CXPywcvjs60u3B4Pom/U/7rm4W8tMOYEB+E9wgD0mW1l3r8qlI9Q==",
      "requires": {
        "regenerator-runtime": "^0.13.11"
      }
    },
    "@esbuild/android-arm": {
      "version": "0.17.17",
      "resolved": "https://registry.npmjs.org/@esbuild/android-arm/-/android-arm-0.17.17.tgz",
      "integrity": "sha512-E6VAZwN7diCa3labs0GYvhEPL2M94WLF8A+czO8hfjREXxba8Ng7nM5VxV+9ihNXIY1iQO1XxUU4P7hbqbICxg==",
      "dev": true,
      "optional": true
    },
    "@esbuild/android-arm64": {
      "version": "0.17.17",
      "resolved": "https://registry.npmjs.org/@esbuild/android-arm64/-/android-arm64-0.17.17.tgz",
      "integrity": "sha512-jaJ5IlmaDLFPNttv0ofcwy/cfeY4bh/n705Tgh+eLObbGtQBK3EPAu+CzL95JVE4nFAliyrnEu0d32Q5foavqg==",
      "dev": true,
      "optional": true
    },
    "@esbuild/android-x64": {
      "version": "0.17.17",
      "resolved": "https://registry.npmjs.org/@esbuild/android-x64/-/android-x64-0.17.17.tgz",
      "integrity": "sha512-446zpfJ3nioMC7ASvJB1pszHVskkw4u/9Eu8s5yvvsSDTzYh4p4ZIRj0DznSl3FBF0Z/mZfrKXTtt0QCoFmoHA==",
      "dev": true,
      "optional": true
    },
    "@esbuild/darwin-arm64": {
      "version": "0.17.17",
      "resolved": "https://registry.npmjs.org/@esbuild/darwin-arm64/-/darwin-arm64-0.17.17.tgz",
      "integrity": "sha512-m/gwyiBwH3jqfUabtq3GH31otL/0sE0l34XKpSIqR7NjQ/XHQ3lpmQHLHbG8AHTGCw8Ao059GvV08MS0bhFIJQ==",
      "dev": true,
      "optional": true
    },
    "@esbuild/darwin-x64": {
      "version": "0.17.17",
      "resolved": "https://registry.npmjs.org/@esbuild/darwin-x64/-/darwin-x64-0.17.17.tgz",
      "integrity": "sha512-4utIrsX9IykrqYaXR8ob9Ha2hAY2qLc6ohJ8c0CN1DR8yWeMrTgYFjgdeQ9LIoTOfLetXjuCu5TRPHT9yKYJVg==",
      "dev": true,
      "optional": true
    },
    "@esbuild/freebsd-arm64": {
      "version": "0.17.17",
      "resolved": "https://registry.npmjs.org/@esbuild/freebsd-arm64/-/freebsd-arm64-0.17.17.tgz",
      "integrity": "sha512-4PxjQII/9ppOrpEwzQ1b0pXCsFLqy77i0GaHodrmzH9zq2/NEhHMAMJkJ635Ns4fyJPFOlHMz4AsklIyRqFZWA==",
      "dev": true,
      "optional": true
    },
    "@esbuild/freebsd-x64": {
      "version": "0.17.17",
      "resolved": "https://registry.npmjs.org/@esbuild/freebsd-x64/-/freebsd-x64-0.17.17.tgz",
      "integrity": "sha512-lQRS+4sW5S3P1sv0z2Ym807qMDfkmdhUYX30GRBURtLTrJOPDpoU0kI6pVz1hz3U0+YQ0tXGS9YWveQjUewAJw==",
      "dev": true,
      "optional": true
    },
    "@esbuild/linux-arm": {
      "version": "0.17.17",
      "resolved": "https://registry.npmjs.org/@esbuild/linux-arm/-/linux-arm-0.17.17.tgz",
      "integrity": "sha512-biDs7bjGdOdcmIk6xU426VgdRUpGg39Yz6sT9Xp23aq+IEHDb/u5cbmu/pAANpDB4rZpY/2USPhCA+w9t3roQg==",
      "dev": true,
      "optional": true
    },
    "@esbuild/linux-arm64": {
      "version": "0.17.17",
      "resolved": "https://registry.npmjs.org/@esbuild/linux-arm64/-/linux-arm64-0.17.17.tgz",
      "integrity": "sha512-2+pwLx0whKY1/Vqt8lyzStyda1v0qjJ5INWIe+d8+1onqQxHLLi3yr5bAa4gvbzhZqBztifYEu8hh1La5+7sUw==",
      "dev": true,
      "optional": true
    },
    "@esbuild/linux-ia32": {
      "version": "0.17.17",
      "resolved": "https://registry.npmjs.org/@esbuild/linux-ia32/-/linux-ia32-0.17.17.tgz",
      "integrity": "sha512-IBTTv8X60dYo6P2t23sSUYym8fGfMAiuv7PzJ+0LcdAndZRzvke+wTVxJeCq4WgjppkOpndL04gMZIFvwoU34Q==",
      "dev": true,
      "optional": true
    },
    "@esbuild/linux-loong64": {
      "version": "0.17.17",
      "resolved": "https://registry.npmjs.org/@esbuild/linux-loong64/-/linux-loong64-0.17.17.tgz",
      "integrity": "sha512-WVMBtcDpATjaGfWfp6u9dANIqmU9r37SY8wgAivuKmgKHE+bWSuv0qXEFt/p3qXQYxJIGXQQv6hHcm7iWhWjiw==",
      "dev": true,
      "optional": true
    },
    "@esbuild/linux-mips64el": {
      "version": "0.17.17",
      "resolved": "https://registry.npmjs.org/@esbuild/linux-mips64el/-/linux-mips64el-0.17.17.tgz",
      "integrity": "sha512-2kYCGh8589ZYnY031FgMLy0kmE4VoGdvfJkxLdxP4HJvWNXpyLhjOvxVsYjYZ6awqY4bgLR9tpdYyStgZZhi2A==",
      "dev": true,
      "optional": true
    },
    "@esbuild/linux-ppc64": {
      "version": "0.17.17",
      "resolved": "https://registry.npmjs.org/@esbuild/linux-ppc64/-/linux-ppc64-0.17.17.tgz",
      "integrity": "sha512-KIdG5jdAEeAKogfyMTcszRxy3OPbZhq0PPsW4iKKcdlbk3YE4miKznxV2YOSmiK/hfOZ+lqHri3v8eecT2ATwQ==",
      "dev": true,
      "optional": true
    },
    "@esbuild/linux-riscv64": {
      "version": "0.17.17",
      "resolved": "https://registry.npmjs.org/@esbuild/linux-riscv64/-/linux-riscv64-0.17.17.tgz",
      "integrity": "sha512-Cj6uWLBR5LWhcD/2Lkfg2NrkVsNb2sFM5aVEfumKB2vYetkA/9Uyc1jVoxLZ0a38sUhFk4JOVKH0aVdPbjZQeA==",
      "dev": true,
      "optional": true
    },
    "@esbuild/linux-s390x": {
      "version": "0.17.17",
      "resolved": "https://registry.npmjs.org/@esbuild/linux-s390x/-/linux-s390x-0.17.17.tgz",
      "integrity": "sha512-lK+SffWIr0XsFf7E0srBjhpkdFVJf3HEgXCwzkm69kNbRar8MhezFpkIwpk0qo2IOQL4JE4mJPJI8AbRPLbuOQ==",
      "dev": true,
      "optional": true
    },
    "@esbuild/linux-x64": {
      "version": "0.17.17",
      "resolved": "https://registry.npmjs.org/@esbuild/linux-x64/-/linux-x64-0.17.17.tgz",
      "integrity": "sha512-XcSGTQcWFQS2jx3lZtQi7cQmDYLrpLRyz1Ns1DzZCtn898cWfm5Icx/DEWNcTU+T+tyPV89RQtDnI7qL2PObPg==",
      "dev": true,
      "optional": true
    },
    "@esbuild/netbsd-x64": {
      "version": "0.17.17",
      "resolved": "https://registry.npmjs.org/@esbuild/netbsd-x64/-/netbsd-x64-0.17.17.tgz",
      "integrity": "sha512-RNLCDmLP5kCWAJR+ItLM3cHxzXRTe4N00TQyQiimq+lyqVqZWGPAvcyfUBM0isE79eEZhIuGN09rAz8EL5KdLA==",
      "dev": true,
      "optional": true
    },
    "@esbuild/openbsd-x64": {
      "version": "0.17.17",
      "resolved": "https://registry.npmjs.org/@esbuild/openbsd-x64/-/openbsd-x64-0.17.17.tgz",
      "integrity": "sha512-PAXswI5+cQq3Pann7FNdcpSUrhrql3wKjj3gVkmuz6OHhqqYxKvi6GgRBoaHjaG22HV/ZZEgF9TlS+9ftHVigA==",
      "dev": true,
      "optional": true
    },
    "@esbuild/sunos-x64": {
      "version": "0.17.17",
      "resolved": "https://registry.npmjs.org/@esbuild/sunos-x64/-/sunos-x64-0.17.17.tgz",
      "integrity": "sha512-V63egsWKnx/4V0FMYkr9NXWrKTB5qFftKGKuZKFIrAkO/7EWLFnbBZNM1CvJ6Sis+XBdPws2YQSHF1Gqf1oj/Q==",
      "dev": true,
      "optional": true
    },
    "@esbuild/win32-arm64": {
      "version": "0.17.17",
      "resolved": "https://registry.npmjs.org/@esbuild/win32-arm64/-/win32-arm64-0.17.17.tgz",
      "integrity": "sha512-YtUXLdVnd6YBSYlZODjWzH+KzbaubV0YVd6UxSfoFfa5PtNJNaW+1i+Hcmjpg2nEe0YXUCNF5bkKy1NnBv1y7Q==",
      "dev": true,
      "optional": true
    },
    "@esbuild/win32-ia32": {
      "version": "0.17.17",
      "resolved": "https://registry.npmjs.org/@esbuild/win32-ia32/-/win32-ia32-0.17.17.tgz",
      "integrity": "sha512-yczSLRbDdReCO74Yfc5tKG0izzm+lPMYyO1fFTcn0QNwnKmc3K+HdxZWLGKg4pZVte7XVgcFku7TIZNbWEJdeQ==",
      "dev": true,
      "optional": true
    },
    "@esbuild/win32-x64": {
      "version": "0.17.17",
      "resolved": "https://registry.npmjs.org/@esbuild/win32-x64/-/win32-x64-0.17.17.tgz",
      "integrity": "sha512-FNZw7H3aqhF9OyRQbDDnzUApDXfC1N6fgBhkqEO2jvYCJ+DxMTfZVqg3AX0R1khg1wHTBRD5SdcibSJ+XF6bFg==",
      "dev": true,
      "optional": true
    },
    "@loaders.gl/core": {
      "version": "3.3.3",
      "resolved": "https://registry.npmjs.org/@loaders.gl/core/-/core-3.3.3.tgz",
      "integrity": "sha512-kModKGZ3V1AYue8eQxM9H19PZQt9HxtVJUvAMmOeFiXZmhIiEO8gf5+c7Ph6C/+whPff8cRbMd06P93PJD5PlA==",
      "requires": {
        "@babel/runtime": "^7.3.1",
        "@loaders.gl/loader-utils": "3.3.3",
        "@loaders.gl/worker-utils": "3.3.3",
        "@probe.gl/log": "^3.5.0"
      }
    },
    "@loaders.gl/draco": {
      "version": "3.3.3",
      "resolved": "https://registry.npmjs.org/@loaders.gl/draco/-/draco-3.3.3.tgz",
      "integrity": "sha512-26r253By6Q9n2xQWG2Dht+VDCqQGVGetM1lJXa3GLrWxNNz4m7et/q9v8TC270/65BgB7Uz58NlZdpweeeIEqA==",
      "requires": {
        "@babel/runtime": "^7.3.1",
        "@loaders.gl/loader-utils": "3.3.3",
        "@loaders.gl/schema": "3.3.3",
        "@loaders.gl/worker-utils": "3.3.3",
        "draco3d": "1.5.5"
      }
    },
    "@loaders.gl/gltf": {
      "version": "3.3.3",
      "resolved": "https://registry.npmjs.org/@loaders.gl/gltf/-/gltf-3.3.3.tgz",
      "integrity": "sha512-qE2IqWTGJ+36om90t8GJQneGNfYdi/u7R4twM3IpmOVP5zH5Oh4JpJY4JPy8cGmni77UVVZqahNa/czCOIeXJw==",
      "requires": {
        "@loaders.gl/draco": "3.3.3",
        "@loaders.gl/images": "3.3.3",
        "@loaders.gl/loader-utils": "3.3.3",
        "@loaders.gl/textures": "3.3.3",
        "@math.gl/core": "^3.5.1"
      }
    },
    "@loaders.gl/images": {
      "version": "3.3.3",
      "resolved": "https://registry.npmjs.org/@loaders.gl/images/-/images-3.3.3.tgz",
      "integrity": "sha512-IFRs3TuqaBI4crY9x3BhD+FbayiwQww7zH4PUs3vpMRQYVf593+wngW1rMbl7zgNnkFbudzxaTr8MW8VaWriCA==",
      "requires": {
        "@loaders.gl/loader-utils": "3.3.3"
      }
    },
    "@loaders.gl/loader-utils": {
      "version": "3.3.3",
      "resolved": "https://registry.npmjs.org/@loaders.gl/loader-utils/-/loader-utils-3.3.3.tgz",
      "integrity": "sha512-QHwc8dw5kn2KyoEQGqPvmuHRSEo+UeKOgUFwRM7FjNgkFySr+Wc1HMCCPH+VBCvdzGp0aIH+WWQB1Ug2yaQZeg==",
      "requires": {
        "@babel/runtime": "^7.3.1",
        "@loaders.gl/worker-utils": "3.3.3",
        "@probe.gl/stats": "^3.5.0"
      }
    },
    "@loaders.gl/schema": {
      "version": "3.3.3",
      "resolved": "https://registry.npmjs.org/@loaders.gl/schema/-/schema-3.3.3.tgz",
      "integrity": "sha512-l06pdG9pn2SABUgFm7N1JmfddU7KlBvGaxXlLbPhun+02Z0m2ExASHy0mEU7DVsdbfsbCyYDYqxuvn1O7yHX+A==",
      "requires": {
        "@types/geojson": "^7946.0.7"
      }
    },
    "@loaders.gl/textures": {
      "version": "3.3.3",
      "resolved": "https://registry.npmjs.org/@loaders.gl/textures/-/textures-3.3.3.tgz",
      "integrity": "sha512-0osXsVIfjjWni/IvNSykZX/x3i0pQLo32/APV7mgP/1B3R6mbZfEl2Y1ESVdlVuqQoGGXWIEYyFnBF8NKPJyuA==",
      "requires": {
        "@loaders.gl/images": "3.3.3",
        "@loaders.gl/loader-utils": "3.3.3",
        "@loaders.gl/schema": "3.3.3",
        "@loaders.gl/worker-utils": "3.3.3",
        "ktx-parse": "^0.0.4",
        "texture-compressor": "^1.0.2"
      }
    },
    "@loaders.gl/worker-utils": {
      "version": "3.3.3",
      "resolved": "https://registry.npmjs.org/@loaders.gl/worker-utils/-/worker-utils-3.3.3.tgz",
      "integrity": "sha512-mTQqbuAtFCgR2yu//7Rrt9pwhnDh0H2t69vOJ65Eh2YA0q4c58Kqd+260WxoPps3A0aiYNyA2099AHze7fI+Jg==",
      "requires": {
        "@babel/runtime": "^7.3.1"
      }
    },
    "@math.gl/core": {
      "version": "3.6.3",
      "resolved": "https://registry.npmjs.org/@math.gl/core/-/core-3.6.3.tgz",
      "integrity": "sha512-jBABmDkj5uuuE0dTDmwwss7Cup5ZwQ6Qb7h1pgvtkEutTrhkcv8SuItQNXmF45494yIHeoGue08NlyeY6wxq2A==",
      "requires": {
        "@babel/runtime": "^7.12.0",
        "@math.gl/types": "3.6.3",
        "gl-matrix": "^3.4.0"
      }
    },
    "@math.gl/types": {
      "version": "3.6.3",
      "resolved": "https://registry.npmjs.org/@math.gl/types/-/types-3.6.3.tgz",
      "integrity": "sha512-3uWLVXHY3jQxsXCr/UCNPSc2BG0hNUljhmOBt9l+lNFDp7zHgm0cK2Tw4kj2XfkJy4TgwZTBGwRDQgWEbLbdTA=="
    },
    "@probe.gl/env": {
      "version": "3.6.0",
      "resolved": "https://registry.npmjs.org/@probe.gl/env/-/env-3.6.0.tgz",
      "integrity": "sha512-4tTZYUg/8BICC3Yyb9rOeoKeijKbZHRXBEKObrfPmX4sQmYB15ZOUpoVBhAyJkOYVAM8EkPci6Uw5dLCwx2BEQ==",
      "requires": {
        "@babel/runtime": "^7.0.0"
      }
    },
    "@probe.gl/log": {
      "version": "3.6.0",
      "resolved": "https://registry.npmjs.org/@probe.gl/log/-/log-3.6.0.tgz",
      "integrity": "sha512-hjpyenpEvOdowgZ1qMeCJxfRD4JkKdlXz0RC14m42Un62NtOT+GpWyKA4LssT0+xyLULCByRAtG2fzZorpIAcA==",
      "requires": {
        "@babel/runtime": "^7.0.0",
        "@probe.gl/env": "3.6.0"
      }
    },
    "@probe.gl/stats": {
      "version": "3.6.0",
      "resolved": "https://registry.npmjs.org/@probe.gl/stats/-/stats-3.6.0.tgz",
      "integrity": "sha512-JdALQXB44OP4kUBN/UrQgzbJe4qokbVF4Y8lkIA8iVCFnjVowWIgkD/z/0QO65yELT54tTrtepw1jScjKB+rhQ==",
      "requires": {
        "@babel/runtime": "^7.0.0"
      }
    },
    "@types/geojson": {
      "version": "7946.0.10",
      "resolved": "https://registry.npmjs.org/@types/geojson/-/geojson-7946.0.10.tgz",
      "integrity": "sha512-Nmh0K3iWQJzniTuPRcJn5hxXkfB1T1pgB89SBig5PlJQU5yocazeu4jATJlaA0GYFKWMqDdvYemoSnF2pXgLVA=="
    },
    "argparse": {
      "version": "1.0.10",
      "resolved": "https://registry.npmjs.org/argparse/-/argparse-1.0.10.tgz",
      "integrity": "sha512-o5Roy6tNG4SL/FOkCAN6RzjiakZS25RLYFrcMttJqbdd8BWrnA+fGz57iN5Pb06pvBGvl5gQ0B48dJlslXvoTg==",
      "requires": {
        "sprintf-js": "~1.0.2"
      }
    },
    "draco3d": {
      "version": "1.5.5",
      "resolved": "https://registry.npmjs.org/draco3d/-/draco3d-1.5.5.tgz",
      "integrity": "sha512-JVuNV0EJzD3LBYhGyIXJLeBID/EVtmFO1ZNhAYflTgiMiAJlbhXQmRRda/azjc8MRVMHh0gqGhiqHUo5dIXM8Q=="
    },
    "esbuild": {
      "version": "0.17.17",
      "resolved": "https://registry.npmjs.org/esbuild/-/esbuild-0.17.17.tgz",
      "integrity": "sha512-/jUywtAymR8jR4qsa2RujlAF7Krpt5VWi72Q2yuLD4e/hvtNcFQ0I1j8m/bxq238pf3/0KO5yuXNpuLx8BE1KA==",
      "dev": true,
      "requires": {
        "@esbuild/android-arm": "0.17.17",
        "@esbuild/android-arm64": "0.17.17",
        "@esbuild/android-x64": "0.17.17",
        "@esbuild/darwin-arm64": "0.17.17",
        "@esbuild/darwin-x64": "0.17.17",
        "@esbuild/freebsd-arm64": "0.17.17",
        "@esbuild/freebsd-x64": "0.17.17",
        "@esbuild/linux-arm": "0.17.17",
        "@esbuild/linux-arm64": "0.17.17",
        "@esbuild/linux-ia32": "0.17.17",
        "@esbuild/linux-loong64": "0.17.17",
        "@esbuild/linux-mips64el": "0.17.17",
        "@esbuild/linux-ppc64": "0.17.17",
        "@esbuild/linux-riscv64": "0.17.17",
        "@esbuild/linux-s390x": "0.17.17",
        "@esbuild/linux-x64": "0.17.17",
        "@esbuild/netbsd-x64": "0.17.17",
        "@esbuild/openbsd-x64": "0.17.17",
        "@esbuild/sunos-x64": "0.17.17",
        "@esbuild/win32-arm64": "0.17.17",
        "@esbuild/win32-ia32": "0.17.17",
        "@esbuild/win32-x64": "0.17.17"
      }
    },
    "fsevents": {
      "version": "2.3.2",
      "resolved": "https://registry.npmjs.org/fsevents/-/fsevents-2.3.2.tgz",
      "integrity": "sha512-xiqMQR4xAeHTuB9uWm+fFRcIOgKBMiOBP+eXiyT7jsgVCq1bkVygt00oASowB7EdtpOHaaPgKt812P9ab+DDKA==",
      "dev": true,
      "optional": true
    },
    "gl-matrix": {
      "version": "3.4.3",
      "resolved": "https://registry.npmjs.org/gl-matrix/-/gl-matrix-3.4.3.tgz",
      "integrity": "sha512-wcCp8vu8FT22BnvKVPjXa/ICBWRq/zjFfdofZy1WSpQZpphblv12/bOQLBC1rMM7SGOFS9ltVmKOHil5+Ml7gA=="
    },
    "image-size": {
      "version": "0.7.5",
      "resolved": "https://registry.npmjs.org/image-size/-/image-size-0.7.5.tgz",
      "integrity": "sha512-Hiyv+mXHfFEP7LzUL/llg9RwFxxY+o9N3JVLIeG5E7iFIFAalxvRU9UZthBdYDEVnzHMgjnKJPPpay5BWf1g9g=="
    },
    "ktx-parse": {
      "version": "0.0.4",
      "resolved": "https://registry.npmjs.org/ktx-parse/-/ktx-parse-0.0.4.tgz",
      "integrity": "sha512-LY3nrmfXl+wZZdPxgJ3ZmLvG+wkOZZP3/dr4RbQj1Pk3Qwz44esOOSFFVQJcNWpXAtiNIC66WgXufX/SYgYz6A=="
    },
    "nanoid": {
      "version": "3.3.4",
      "resolved": "https://registry.npmjs.org/nanoid/-/nanoid-3.3.4.tgz",
      "integrity": "sha512-MqBkQh/OHTS2egovRtLk45wEyNXwF+cokD+1YPf9u5VfJiRdAiRwB2froX5Co9Rh20xs4siNPm8naNotSD6RBw==",
      "dev": true
    },
    "picocolors": {
      "version": "1.0.0",
      "resolved": "https://registry.npmjs.org/picocolors/-/picocolors-1.0.0.tgz",
      "integrity": "sha512-1fygroTLlHu66zi26VoTDv8yRgm0Fccecssto+MhsZ0D/DGW2sm8E8AjW7NU5VVTRt5GxbeZ5qBuJr+HyLYkjQ==",
      "dev": true
    },
    "postcss": {
      "version": "8.4.21",
      "resolved": "https://registry.npmjs.org/postcss/-/postcss-8.4.21.tgz",
      "integrity": "sha512-tP7u/Sn/dVxK2NnruI4H9BG+x+Wxz6oeZ1cJ8P6G/PZY0IKk4k/63TDsQf2kQq3+qoJeLm2kIBUNlZe3zgb4Zg==",
      "dev": true,
      "requires": {
        "nanoid": "^3.3.4",
        "picocolors": "^1.0.0",
        "source-map-js": "^1.0.2"
      }
    },
    "regenerator-runtime": {
      "version": "0.13.11",
      "resolved": "https://registry.npmjs.org/regenerator-runtime/-/regenerator-runtime-0.13.11.tgz",
      "integrity": "sha512-kY1AZVr2Ra+t+piVaJ4gxaFaReZVH40AKNo7UCX6W+dEwBo/2oZJzqfuN1qLq1oL45o56cPaTXELwrTh8Fpggg=="
    },
    "rollup": {
      "version": "3.20.7",
      "resolved": "https://registry.npmjs.org/rollup/-/rollup-3.20.7.tgz",
      "integrity": "sha512-P7E2zezKSLhWnTz46XxjSmInrbOCiul1yf+kJccMxT56vxjHwCbDfoLbiqFgu+WQoo9ij2PkraYaBstgB2prBA==",
      "dev": true,
      "requires": {
        "fsevents": "~2.3.2"
      }
    },
    "source-map-js": {
      "version": "1.0.2",
      "resolved": "https://registry.npmjs.org/source-map-js/-/source-map-js-1.0.2.tgz",
      "integrity": "sha512-R0XvVJ9WusLiqTCEiGCmICCMplcCkIwwR11mOSD9CR5u+IXYdiseeEuXCVAjS54zqwkLcPNnmU4OeJ6tUrWhDw==",
      "dev": true
    },
    "sprintf-js": {
      "version": "1.0.3",
      "resolved": "https://registry.npmjs.org/sprintf-js/-/sprintf-js-1.0.3.tgz",
      "integrity": "sha512-D9cPgkvLlV3t3IzL0D0YLvGA9Ahk4PcvVwUbN0dSGr1aP0Nrt4AEnTUbuGvquEC0mA64Gqt1fzirlRs5ibXx8g=="
    },
    "texture-compressor": {
      "version": "1.0.2",
      "resolved": "https://registry.npmjs.org/texture-compressor/-/texture-compressor-1.0.2.tgz",
      "integrity": "sha512-dStVgoaQ11mA5htJ+RzZ51ZxIZqNOgWKAIvtjLrW1AliQQLCmrDqNzQZ8Jh91YealQ95DXt4MEduLzJmbs6lig==",
      "requires": {
        "argparse": "^1.0.10",
        "image-size": "^0.7.4"
      }
    },
    "three": {
      "version": "0.151.3",
      "resolved": "https://registry.npmjs.org/three/-/three-0.151.3.tgz",
      "integrity": "sha512-+vbuqxFy8kzLeO5MgpBHUvP/EAiecaDwDuOPPDe6SbrZr96kccF0ktLngXc7xA7bzyd3N0t2f6mw3Z9y6JCojQ=="
    },
    "vite": {
      "version": "4.3.1",
      "resolved": "https://registry.npmjs.org/vite/-/vite-4.3.1.tgz",
      "integrity": "sha512-EPmfPLAI79Z/RofuMvkIS0Yr091T2ReUoXQqc5ppBX/sjFRhHKiPPF/R46cTdoci/XgeQpB23diiJxq5w30vdg==",
      "dev": true,
      "requires": {
        "esbuild": "^0.17.5",
        "fsevents": "~2.3.2",
        "postcss": "^8.4.21",
        "rollup": "^3.20.2"
      }
    }
  }
}
